version: 7
platforms:
- name: osx-arm64
  virtual-packages:
  - __unix=0=0
  - __osx=13.0
  - __archspec=0=m1
environments:
  default:
    channels:
    - url: https://conda.anaconda.org/conda-forge/
    packages:
      osx-arm64:
      - conda: https://conda.anaconda.org/conda-forge/noarch/ca-certificates-2026.7.22-hbd8a1cb_0.conda
      - conda: https://conda.anaconda.org/conda-forge/noarch/cpython-3.14.6-py314hd8ed1ab_2.conda
      - conda: https://conda.anaconda.org/conda-forge/noarch/cycler-0.12.1-pyhcf101f3_2.conda
      - conda: https://conda.anaconda.org/conda-forge/noarch/font-ttf-dejavu-sans-mono-2.37-hab24e00_0.tar.bz2
      - conda: https://conda.anaconda.org/conda-forge/noarch/font-ttf-inconsolata-3.000-h77eed37_0.tar.bz2
      - conda: https://conda.anaconda.org/conda-forge/noarch/font-ttf-source-code-pro-2.038-h77eed37_0.tar.bz2
      - conda: https://conda.anaconda.org/conda-forge/noarch/font-ttf-ubuntu-0.83-h77eed37_3.conda
      - conda: https://conda.anaconda.org/conda-forge/noarch/fonts-conda-ecosystem-1-0.tar.bz2
      - conda: https://conda.anaconda.org/conda-forge/noarch/fonts-conda-forge-1-hc364b38_1.conda
      - conda: https://conda.anaconda.org/conda-forge/noarch/fonttools-4.63.0-pyh7db6752_0.conda
      - conda: https://conda.anaconda.org/conda-forge/noarch/mpmath-1.4.1-pyhd8ed1ab_0.conda
      - conda: https://conda.anaconda.org/conda-forge/noarch/munkres-1.1.4-pyhd8ed1ab_1.conda
      - conda: https://conda.anaconda.org/conda-forge/noarch/mystmd-1.10.1-pyhcf101f3_0.conda
      - conda: https://conda.anaconda.org/conda-forge/noarch/packaging-26.3-pyhc364b38_0.conda
      - conda: https://conda.anaconda.org/conda-forge/noarch/pyparsing-3.3.2-pyhcf101f3_0.conda
      - conda: https://conda.anaconda.org/conda-forge/noarch/python-dateutil-2.9.0.post0-pyhe01879c_2.conda
      - conda: https://conda.anaconda.org/conda-forge/noarch/python_abi-3.14-8_cp314t.conda
      - conda: https://conda.anaconda.org/conda-forge/noarch/six-1.17.0-pyhe01879c_1.conda
      - conda: https://conda.anaconda.org/conda-forge/noarch/sympy-1.14.0-pyh2585a3b_106.conda
      - conda: https://conda.anaconda.org/conda-forge/noarch/tzdata-2026c-h151e31d_0.conda
      - conda: https://conda.anaconda.org/conda-forge/osx-arm64/_openmp_mutex-4.5-7_kmp_llvm.conda
      - conda: https://conda.anaconda.org/conda-forge/osx-arm64/brotli-1.2.0-h7d5ae5b_1.conda
      - conda: https://conda.anaconda.org/conda-forge/osx-arm64/brotli-bin-1.2.0-hc919400_1.conda
      - conda: https://conda.anaconda.org/conda-forge/osx-arm64/bzip2-1.0.8-h4e30115_10.conda
      - conda: https://conda.anaconda.org/conda-forge/osx-arm64/c-ares-1.34.8-h1a92334_1.conda
      - conda: https://conda.anaconda.org/conda-forge/osx-arm64/cairo-1.18.4-he0f2337_1.conda
      - conda: https://conda.anaconda.org/conda-forge/osx-arm64/contourpy-1.3.3-py314h61b8a5d_4.conda
      - conda: https://conda.anaconda.org/conda-forge/osx-arm64/fontconfig-2.18.3-h2b252f5_0.conda
      - conda: https://conda.anaconda.org/conda-forge/osx-arm64/freetype-2.14.3-hce30654_1.conda
      - conda: https://conda.anaconda.org/conda-forge/osx-arm64/fribidi-1.0.16-h84a0fba_1.conda
      - conda: https://conda.anaconda.org/conda-forge/osx-arm64/gmp-6.3.0-h7bae524_2.conda
      - conda: https://conda.anaconda.org/conda-forge/osx-arm64/gmpy2-2.3.0-py314hd6eb18f_1.conda
      - conda: https://conda.anaconda.org/conda-forge/osx-arm64/graphite2-1.3.15-h784d473_1.conda
      - conda: https://conda.anaconda.org/conda-forge/osx-arm64/icu-78.3-hc7cc350_2.conda
      - conda: https://conda.anaconda.org/conda-forge/osx-arm64/kiwisolver-1.5.0-py314h61b8a5d_0.conda
      - conda: https://conda.anaconda.org/conda-forge/osx-arm64/lcms2-2.19.1-hdfa7624_1.conda
      - conda: https://conda.anaconda.org/conda-forge/osx-arm64/lerc-4.2.0-h1eee2c3_0.conda
      - conda: https://conda.anaconda.org/conda-forge/osx-arm64/libabseil-20260526.0-cxx17_h2062a1b_1.conda
      - conda: https://conda.anaconda.org/conda-forge/osx-arm64/libblas-3.11.0-9_h51639a9_openblas.conda
      - conda: https://conda.anaconda.org/conda-forge/osx-arm64/libbrotlicommon-1.2.0-hc919400_1.conda
      - conda: https://conda.anaconda.org/conda-forge/osx-arm64/libbrotlidec-1.2.0-hc919400_1.conda
      - conda: https://conda.anaconda.org/conda-forge/osx-arm64/libbrotlienc-1.2.0-hc919400_1.conda
      - conda: https://conda.anaconda.org/conda-forge/osx-arm64/libcblas-3.11.0-9_hb0561ab_openblas.conda
      - conda: https://conda.anaconda.org/conda-forge/osx-arm64/libcxx-22.1.8-h55c6f16_0.conda
      - conda: https://conda.anaconda.org/conda-forge/osx-arm64/libdeflate-1.25-he7e0567_1.conda
      - conda: https://conda.anaconda.org/conda-forge/osx-arm64/libev-4.33-h1a92334_3.conda
      - conda: https://conda.anaconda.org/conda-forge/osx-arm64/libexpat-2.8.1-hf6b4638_1.conda
      - conda: https://conda.anaconda.org/conda-forge/osx-arm64/libffi-3.7.0-hcf2aa1b_0.conda
      - conda: https://conda.anaconda.org/conda-forge/osx-arm64/libfreetype-2.14.3-hce30654_1.conda
      - conda: https://conda.anaconda.org/conda-forge/osx-arm64/libfreetype6-2.14.3-hdfa99f5_1.conda
      - conda: https://conda.anaconda.org/conda-forge/osx-arm64/libgcc-16.1.0-h3cf6597_1.conda
      - conda: https://conda.anaconda.org/conda-forge/osx-arm64/libgfortran-16.1.0-h07b0088_1.conda
      - conda: https://conda.anaconda.org/conda-forge/osx-arm64/libgfortran5-16.1.0-h32cdfcc_1.conda
      - conda: https://conda.anaconda.org/conda-forge/osx-arm64/libglib-2.88.3-ha531971_1.conda
      - conda: https://conda.anaconda.org/conda-forge/osx-arm64/libharfbuzz-14.3.0-h5a65909_0.conda
      - conda: https://conda.anaconda.org/conda-forge/osx-arm64/libiconv-1.18-h23cfdf5_2.conda
      - conda: https://conda.anaconda.org/conda-forge/osx-arm64/libintl-0.25.1-h493aca8_0.conda
      - conda: https://conda.anaconda.org/conda-forge/osx-arm64/libjpeg-turbo-3.2.0-h84a0fba_1.conda
      - conda: https://conda.anaconda.org/conda-forge/osx-arm64/liblapack-3.11.0-9_hd9741b5_openblas.conda
      - conda: https://conda.anaconda.org/conda-forge/osx-arm64/liblzma-5.8.3-h8088a28_1.conda
      - conda: https://conda.anaconda.org/conda-forge/osx-arm64/libmpdec-4.0.0-h84a0fba_1.conda
      - conda: https://conda.anaconda.org/conda-forge/osx-arm64/libnghttp2-1.68.1-h8f3e76b_0.conda
      - conda: https://conda.anaconda.org/conda-forge/osx-arm64/libopenblas-0.3.34-openmp_he657e61_0.conda
      - conda: https://conda.anaconda.org/conda-forge/osx-arm64/libpng-1.6.58-h132b30e_0.conda
      - conda: https://conda.anaconda.org/conda-forge/osx-arm64/libraqm-0.11.0-h45af499_0.conda
      - conda: https://conda.anaconda.org/conda-forge/osx-arm64/libsqlite-3.53.4-h1ae2325_0.conda
      - conda: https://conda.anaconda.org/conda-forge/osx-arm64/libtiff-4.7.2-h282da08_0.conda
      - conda: https://conda.anaconda.org/conda-forge/osx-arm64/libuv-1.52.1-h1a92334_1.conda
      - conda: https://conda.anaconda.org/conda-forge/osx-arm64/libwebp-base-1.6.0-h202fb40_1.conda
      - conda: https://conda.anaconda.org/conda-forge/osx-arm64/libxcb-1.17.0-hdb1d25a_0.conda
      - conda: https://conda.anaconda.org/conda-forge/osx-arm64/libzlib-1.3.2-h8088a28_3.conda
      - conda: https://conda.anaconda.org/conda-forge/osx-arm64/llvm-openmp-22.1.8-hc7d1edf_0.conda
      - conda: https://conda.anaconda.org/conda-forge/osx-arm64/matplotlib-3.11.1-py314head8a8b_2.conda
      - conda: https://conda.anaconda.org/conda-forge/osx-arm64/matplotlib-base-3.11.1-py314h261bcf1_2.conda
      - conda: https://conda.anaconda.org/conda-forge/osx-arm64/mpc-1.4.0-h169892a_0.conda
      - conda: https://conda.anaconda.org/conda-forge/osx-arm64/mpfr-4.2.2-h6bc93b0_0.conda
      - conda: https://conda.anaconda.org/conda-forge/osx-arm64/ncurses-6.6-he64c551_1.conda
      - conda: https://conda.anaconda.org/conda-forge/osx-arm64/nodejs-26.6.0-h00e74ec_0.conda
      - conda: https://conda.anaconda.org/conda-forge/osx-arm64/numpy-2.5.2-py314hb25f971_0.conda
      - conda: https://conda.anaconda.org/conda-forge/osx-arm64/openjpeg-2.5.4-hd9e9057_0.conda
      - conda: https://conda.anaconda.org/conda-forge/osx-arm64/openssl-3.6.3-hd24854e_1.conda
      - conda: https://conda.anaconda.org/conda-forge/osx-arm64/pcre2-10.47-h30297fc_0.conda
      - conda: https://conda.anaconda.org/conda-forge/osx-arm64/pillow-12.3.0-py314h0f2039c_0.conda
      - conda: https://conda.anaconda.org/conda-forge/osx-arm64/pixman-0.46.4-h784d473_3.conda
      - conda: https://conda.anaconda.org/conda-forge/osx-arm64/pthread-stubs-0.4-h84a0fba_1003.conda
      - conda: https://conda.anaconda.org/conda-forge/osx-arm64/python-3.14.6-h8f7c60a_2_cp314t.conda
      - conda: https://conda.anaconda.org/conda-forge/osx-arm64/qhull-2020.2-h420ef59_5.conda
      - conda: https://conda.anaconda.org/conda-forge/osx-arm64/readline-8.3-h46df422_0.conda
      - conda: https://conda.anaconda.org/conda-forge/osx-arm64/tk-8.6.13-hd3d0363_3.conda
      - conda: https://conda.anaconda.org/conda-forge/osx-arm64/tornado-6.5.8-py314ha0ac461_0.conda
      - conda: https://conda.anaconda.org/conda-forge/osx-arm64/unicodedata2-17.0.1-py314ha0ac461_0.conda
      - conda: https://conda.anaconda.org/conda-forge/osx-arm64/xorg-libxau-1.0.12-h84a0fba_2.conda
      - conda: https://conda.anaconda.org/conda-forge/osx-arm64/xorg-libxdmcp-1.1.5-h84a0fba_2.conda
      - conda: https://conda.anaconda.org/conda-forge/osx-arm64/zlib-ng-2.3.3-hed4e4f5_1.conda
      - conda: https://conda.anaconda.org/conda-forge/osx-arm64/zstd-1.5.7-hbf9d68e_6.conda
packages:
- conda: https://conda.anaconda.org/conda-forge/noarch/ca-certificates-2026.7.22-hbd8a1cb_0.conda
  sha256: 0a0544cf95f64394fe4959286f5c71f5444ad58feb0602e53becb27448d24da6
  md5: 0f51e2391ade309db462a55611263e9c
  depends:
  - __unix
  license: ISC
  run_exports: {}
  size: 131780
  timestamp: 1784754889428
- conda: https://conda.anaconda.org/conda-forge/noarch/cpython-3.14.6-py314hd8ed1ab_2.conda
  noarch: generic
  sha256: 2872630fc6d0e083eec7d5530803923a21c67d3147ca1f56559b1922d339333f
  md5: 9b74894664762ad70f86b7af33e46085
  depends:
  - python >=3.14,<3.15.0a0
  - python_abi * *_cp314t
  license: Python-2.0
  run_exports: {}
  size: 49816
  timestamp: 1786444063812
- conda: https://conda.anaconda.org/conda-forge/noarch/cycler-0.12.1-pyhcf101f3_2.conda
  sha256: bb47aec5338695ff8efbddbc669064a3b10fe34ad881fb8ad5d64fbfa6910ed1
  md5: 4c2a8fef270f6c69591889b93f9f55c1
  depends:
  - python >=3.10
  - python
  license: BSD-3-Clause
  license_family: BSD
  run_exports: {}
  size: 14778
  timestamp: 1764466758386
- conda: https://conda.anaconda.org/conda-forge/noarch/font-ttf-dejavu-sans-mono-2.37-hab24e00_0.tar.bz2
  sha256: 58d7f40d2940dd0a8aa28651239adbf5613254df0f75789919c4e6762054403b
  md5: 0c96522c6bdaed4b1566d11387caaf45
  license: BSD-3-Clause
  license_family: BSD
  run_exports: {}
  size: 397370
  timestamp: 1566932522327
- conda: https://conda.anaconda.org/conda-forge/noarch/font-ttf-inconsolata-3.000-h77eed37_0.tar.bz2
  sha256: c52a29fdac682c20d252facc50f01e7c2e7ceac52aa9817aaf0bb83f7559ec5c
  md5: 34893075a5c9e55cdafac56607368fc6
  license: OFL-1.1
  license_family: Other
  run_exports: {}
  size: 96530
  timestamp: 1620479909603
- conda: https://conda.anaconda.org/conda-forge/noarch/font-ttf-source-code-pro-2.038-h77eed37_0.tar.bz2
  sha256: 00925c8c055a2275614b4d983e1df637245e19058d79fc7dd1a93b8d9fb4b139
  md5: 4d59c254e01d9cde7957100457e2d5fb
  license: OFL-1.1
  license_family: Other
  run_exports: {}
  size: 700814
  timestamp: 1620479612257
- conda: https://conda.anaconda.org/conda-forge/noarch/font-ttf-ubuntu-0.83-h77eed37_3.conda
  sha256: 2821ec1dc454bd8b9a31d0ed22a7ce22422c0aef163c59f49dfdf915d0f0ca14
  md5: 49023d73832ef61042f6a237cb2687e7
  license: LicenseRef-Ubuntu-Font-Licence-Version-1.0
  license_family: Other
  run_exports: {}
  size: 1620504
  timestamp: 1727511233259
- conda: https://conda.anaconda.org/conda-forge/noarch/fonts-conda-ecosystem-1-0.tar.bz2
  sha256: a997f2f1921bb9c9d76e6fa2f6b408b7fa549edd349a77639c9fe7a23ea93e61
  md5: fee5683a3f04bd15cbd8318b096a27ab
  depends:
  - fonts-conda-forge
  license: BSD-3-Clause
  license_family: BSD
  run_exports: {}
  size: 3667
  timestamp: 1566974674465
- conda: https://conda.anaconda.org/conda-forge/noarch/fonts-conda-forge-1-hc364b38_1.conda
  sha256: 54eea8469786bc2291cc40bca5f46438d3e062a399e8f53f013b6a9f50e98333
  md5: a7970cd949a077b7cb9696379d338681
  depends:
  - font-ttf-ubuntu
  - font-ttf-inconsolata
  - font-ttf-dejavu-sans-mono
  - font-ttf-source-code-pro
  license: BSD-3-Clause
  license_family: BSD
  run_exports: {}
  size: 4059
  timestamp: 1762351264405
- conda: https://conda.anaconda.org/conda-forge/noarch/fonttools-4.63.0-pyh7db6752_0.conda
  sha256: c9752235f1ff7061d834e5e4a3d0adf71ebeeff2b3fad82dab607edce7f70c91
  md5: 0509ee74d95e5b98eb6fe2a47760e399
  depends:
  - brotli
  - munkres
  - python >=3.10
  - unicodedata2 >=15.1.0
  track_features:
  - fonttools_no_compile
  license: MIT
  license_family: MIT
  run_exports: {}
  size: 846038
  timestamp: 1778770337113
- conda: https://conda.anaconda.org/conda-forge/noarch/mpmath-1.4.1-pyhd8ed1ab_0.conda
  sha256: 5bbf2f8179ec43d34d67ca8e4989d216c1bdb4b749fe6cb40e86ebf88c1b5300
  md5: 2e81b32b805f406d23ba61938a184081
  depends:
  - python >=3.10
  license: BSD-3-Clause
  license_family: BSD
  run_exports: {}
  size: 464918
  timestamp: 1773662068273
- conda: https://conda.anaconda.org/conda-forge/noarch/munkres-1.1.4-pyhd8ed1ab_1.conda
  sha256: d09c47c2cf456de5c09fa66d2c3c5035aa1fa228a1983a433c47b876aa16ce90
  md5: 37293a85a0f4f77bbd9cf7aaefc62609
  depends:
  - python >=3.9
  license: Apache-2.0
  license_family: Apache
  run_exports: {}
  size: 15851
  timestamp: 1749895533014
- conda: https://conda.anaconda.org/conda-forge/noarch/mystmd-1.10.1-pyhcf101f3_0.conda
  sha256: b4f7643a7c33f062f9ade71411e66d6fe30a70c9e93631c5091e553e15a1a63b
  md5: 21d74fa7f9fcc516065990fb22ae4d3c
  depends:
  - python >=3.10
  - nodejs >=18
  - python
  license: MIT
  license_family: MIT
  run_exports: {}
  size: 2189657
  timestamp: 1780749480811
- conda: https://conda.anaconda.org/conda-forge/noarch/packaging-26.3-pyhc364b38_0.conda
  sha256: c432626b16768b8dab228bfb706f7060c2d462a21c516d240f68f2f902b5a044
  md5: 936687ed80f295a1f5dbcf8bd34c252c
  depends:
  - python >=3.9
  - python
  license: Apache-2.0
  license_family: APACHE
  run_exports: {}
  size: 116363
  timestamp: 1785888127370
- conda: https://conda.anaconda.org/conda-forge/noarch/pyparsing-3.3.2-pyhcf101f3_0.conda
  sha256: 417fba4783e528ee732afa82999300859b065dc59927344b4859c64aae7182de
  md5: 3687cc0b82a8b4c17e1f0eb7e47163d5
  depends:
  - python >=3.10
  - python
  license: MIT
  license_family: MIT
  run_exports: {}
  size: 110893
  timestamp: 1769003998136
- conda: https://conda.anaconda.org/conda-forge/noarch/python-dateutil-2.9.0.post0-pyhe01879c_2.conda
  sha256: d6a17ece93bbd5139e02d2bd7dbfa80bee1a4261dced63f65f679121686bf664
  md5: 5b8d21249ff20967101ffa321cab24e8
  depends:
  - python >=3.9
  - six >=1.5
  - python
  license: Apache-2.0
  license_family: APACHE
  run_exports: {}
  size: 233310
  timestamp: 1751104122689
- conda: https://conda.anaconda.org/conda-forge/noarch/python_abi-3.14-8_cp314t.conda
  build_number: 8
  sha256: d9ed2538fba61265a330ee1b1afe99a4bb23ace706172b9464546c7e01259d63
  md5: 3251796e09870c978e0f69fa05e38fb6
  constrains:
  - python 3.14.* *_cp314t
  license: BSD-3-Clause
  license_family: BSD
  run_exports: {}
  size: 7020
  timestamp: 1752805919426
- conda: https://conda.anaconda.org/conda-forge/noarch/six-1.17.0-pyhe01879c_1.conda
  sha256: 458227f759d5e3fcec5d9b7acce54e10c9e1f4f4b7ec978f3bfd54ce4ee9853d
  md5: 3339e3b65d58accf4ca4fb8748ab16b3
  depends:
  - python >=3.9
  - python
  license: MIT
  license_family: MIT
  run_exports: {}
  size: 18455
  timestamp: 1753199211006
- conda: https://conda.anaconda.org/conda-forge/noarch/sympy-1.14.0-pyh2585a3b_106.conda
  sha256: 1c8057e6875eba958aa8b3c1a072dc9a75d013f209c26fd8125a5ebd3abbec0c
  md5: 32d866e43b25275f61566b9391ccb7b5
  depends:
  - __unix
  - cpython
  - gmpy2 >=2.0.8
  - mpmath >=1.1.0,<1.5
  - python >=3.10
  license: BSD-3-Clause
  license_family: BSD
  run_exports: {}
  size: 4661767
  timestamp: 1771952371059
- conda: https://conda.anaconda.org/conda-forge/noarch/tzdata-2026c-h151e31d_0.conda
  sha256: b928c30ddcb0e3f544c6eade8352737e6e610e263276b90232db6a578ef899d8
  md5: fcb489df604d100968b737f2cb6076c6
  license: LicenseRef-Public-Domain
  run_exports: {}
  size: 118849
  timestamp: 1784250406640
- conda: https://conda.anaconda.org/conda-forge/osx-arm64/_openmp_mutex-4.5-7_kmp_llvm.conda
  build_number: 7
  sha256: 7acaa2e0782cad032bdaf756b536874346ac1375745fb250e9bdd6a48a7ab3cd
  md5: a44032f282e7d2acdeb1c240308052dd
  depends:
  - llvm-openmp >=9.0.1
  license: BSD-3-Clause
  license_family: BSD
  run_exports:
    weak:
    - _openmp_mutex >=4.5
  size: 8325
  timestamp: 1764092507920
- conda: https://conda.anaconda.org/conda-forge/osx-arm64/brotli-1.2.0-h7d5ae5b_1.conda
  sha256: 422ac5c91f8ef07017c594d9135b7ae068157393d2a119b1908c7e350938579d
  md5: 48ece20aa479be6ac9a284772827d00c
  depends:
  - __osx >=11.0
  - brotli-bin 1.2.0 hc919400_1
  - libbrotlidec 1.2.0 hc919400_1
  - libbrotlienc 1.2.0 hc919400_1
  license: MIT
  license_family: MIT
  run_exports:
    weak:
    - libbrotlicommon >=1.2.0,<1.3.0a0
    - libbrotlienc >=1.2.0,<1.3.0a0
    - libbrotlidec >=1.2.0,<1.3.0a0
  size: 20237
  timestamp: 1764018058424
- conda: https://conda.anaconda.org/conda-forge/osx-arm64/brotli-bin-1.2.0-hc919400_1.conda
  sha256: e2d142052a83ff2e8eab3fe68b9079cad80d109696dc063a3f92275802341640
  md5: 377d015c103ad7f3371be1777f8b584c
  depends:
  - __osx >=11.0
  - libbrotlidec 1.2.0 hc919400_1
  - libbrotlienc 1.2.0 hc919400_1
  license: MIT
  license_family: MIT
  run_exports: {}
  size: 18628
  timestamp: 1764018033635
- conda: https://conda.anaconda.org/conda-forge/osx-arm64/bzip2-1.0.8-h4e30115_10.conda
  sha256: 8ec22f0ba25cbfc2e64d70cf29459eccd7ffdf6436f6a6ff15bbfef799f7d4f6
  md5: b50612e7d190b8061ab4e7dc119cf4d5
  depends:
  - __osx >=11.0
  license: bzip2-1.0.6
  license_family: BSD
  run_exports:
    weak:
    - bzip2 >=1.0.8,<2.0a0
  size: 124965
  timestamp: 1785906749812
- conda: https://conda.anaconda.org/conda-forge/osx-arm64/c-ares-1.34.8-h1a92334_1.conda
  sha256: 104b41473845649101ba8ebf8221c7431256465d34ce380b10e9a90558ed33ac
  md5: 7d9390a4d4b43f91652823d870f68065
  depends:
  - __osx >=11.0
  constrains:
  - c-ares-static <0a0
  license: MIT
  license_family: MIT
  run_exports:
    weak:
    - c-ares >=1.34.8,<2.0a0
  size: 197274
  timestamp: 1786116660078
- conda: https://conda.anaconda.org/conda-forge/osx-arm64/cairo-1.18.4-he0f2337_1.conda
  sha256: cde9b79ee206fe3ba6ca2dc5906593fb7a1350515f85b2a1135a4ce8ec1539e3
  md5: 36200ecfbbfbcb82063c87725434161f
  depends:
  - __osx >=11.0
  - fontconfig >=2.15.0,<3.0a0
  - fonts-conda-ecosystem
  - icu >=78.1,<79.0a0
  - libcxx >=19
  - libexpat >=2.7.3,<3.0a0
  - libfreetype >=2.14.1
  - libfreetype6 >=2.14.1
  - libglib >=2.86.3,<3.0a0
  - libpng >=1.6.53,<1.7.0a0
  - libzlib >=1.3.1,<2.0a0
  - pixman >=0.46.4,<1.0a0
  license: LGPL-2.1-only or MPL-1.1
  run_exports:
    weak:
    - cairo >=1.18.4,<2.0a0
  size: 900035
  timestamp: 1766416416791
- conda: https://conda.anaconda.org/conda-forge/osx-arm64/contourpy-1.3.3-py314h61b8a5d_4.conda
  sha256: 0936d4018ed06c79d5e9a1a7973ad5f92471f87f6edae18fd7b68dbbb1041d17
  md5: 7a62e21a4a0a6c43034b596f69b5f8d6
  depends:
  - numpy >=1.25
  - python
  - libcxx >=19
  - python 3.14.* *_cp314t
  - __osx >=11.0
  - python_abi 3.14.* *_cp314t
  license: BSD-3-Clause
  license_family: BSD
  run_exports: {}
  size: 300307
  timestamp: 1769156108006
- conda: https://conda.anaconda.org/conda-forge/osx-arm64/fontconfig-2.18.3-h2b252f5_0.conda
  sha256: 6ec1937b910b2ac468459c2f7844b7c98238ada39ede05461dbd4dc764e519a5
  md5: d718960dea5abf5b582fe8ecf363c11d
  depends:
  - __osx >=11.0
  - libexpat >=2.8.1,<3.0a0
  - libfreetype >=2.14.3
  - libfreetype6 >=2.14.3
  - libintl >=0.25.1,<1.0a0
  - libzlib >=1.3.2,<2.0a0
  license: MIT
  license_family: MIT
  run_exports:
    weak:
    - fontconfig >=2.18.3,<3.0a0
    - fonts-conda-ecosystem
  size: 267950
  timestamp: 1786381516923
- conda: https://conda.anaconda.org/conda-forge/osx-arm64/freetype-2.14.3-hce30654_1.conda
  sha256: 96b33f1e2a32c602b167f43719e3acf89ec742b4a1e25e99ffd0e6f99b38d277
  md5: 7bd06ab4ed807154c2d9031eb5ebf025
  depends:
  - libfreetype 2.14.3 hce30654_1
  - libfreetype6 2.14.3 hdfa99f5_1
  license: GPL-2.0-only OR FTL
  run_exports:
    weak:
    - libfreetype >=2.14.3
    - libfreetype6 >=2.14.3
  size: 173518
  timestamp: 1780933616544
- conda: https://conda.anaconda.org/conda-forge/osx-arm64/fribidi-1.0.16-h84a0fba_1.conda
  sha256: 6dd18694340b84290bb1906cc1359502b974aada6a8476cfe6dec3ce0e860af8
  md5: 2bb7d7dd91116b8c85e805b0e08cc67b
  depends:
  - __osx >=11.0
  license: LGPL-2.1-or-later
  run_exports:
    weak:
    - fribidi >=1.0.16,<2.0a0
  size: 60230
  timestamp: 1785912572097
- conda: https://conda.anaconda.org/conda-forge/osx-arm64/gmp-6.3.0-h7bae524_2.conda
  sha256: 76e222e072d61c840f64a44e0580c2503562b009090f55aa45053bf1ccb385dd
  md5: eed7278dfbab727b56f2c0b64330814b
  depends:
  - __osx >=11.0
  - libcxx >=16
  license: GPL-2.0-or-later OR LGPL-3.0-or-later
  run_exports:
    weak:
    - gmp >=6.3.0,<7.0a0
  size: 365188
  timestamp: 1718981343258
- conda: https://conda.anaconda.org/conda-forge/osx-arm64/gmpy2-2.3.0-py314hd6eb18f_1.conda
  sha256: df7725f60ccb3759ded59d6e41d27994b32c0035d4584d0c405aed4230f08245
  md5: cff236f903a3a7b50fadebe2717d033a
  depends:
  - __osx >=11.0
  - gmp >=6.3.0,<7.0a0
  - mpc >=1.3.1,<2.0a0
  - mpfr >=4.2.1,<5.0a0
  - python >=3.14,<3.15.0a0
  - python >=3.14,<3.15.0a0 *_cp314t
  - python_abi 3.14.* *_cp314t
  license: LGPL-3.0-or-later
  license_family: LGPL
  run_exports: {}
  size: 205185
  timestamp: 1773245355358
- conda: https://conda.anaconda.org/conda-forge/osx-arm64/graphite2-1.3.15-h784d473_1.conda
  sha256: 471f34a187fdb4f2df33e26f2e471b16c239a5b277903f643d9c3a8c9a9f44ec
  md5: 0c7b78d9ffff4f5a6ca28d346f734d8f
  depends:
  - libcxx >=19
  - __osx >=11.0
  license: LGPL-2.0-or-later
  license_family: LGPL
  run_exports:
    weak:
    - graphite2 >=1.3.15,<2.0a0
  size: 86493
  timestamp: 1786118637573
- conda: https://conda.anaconda.org/conda-forge/osx-arm64/icu-78.3-hc7cc350_2.conda
  sha256: f0b22bc30e4cc29e29ba3234cb38497fe8def2c2aae4b775d42fe5b378a018c9
  md5: 6133ddbb17ba2b50700dd88e9303ce27
  depends:
  - __osx >=11.0
  license: MIT
  license_family: MIT
  run_exports:
    weak:
    - icu >=78.3,<79.0a0
  size: 14070698
  timestamp: 1784916459058
- conda: https://conda.anaconda.org/conda-forge/osx-arm64/kiwisolver-1.5.0-py314h61b8a5d_0.conda
  sha256: 0ae2bb4fdab9365ccbaaee70315418b267430f8cd3531d3df76d2bcf8f5f2db4
  md5: a3f982a93c8dd8c193ebca2acf9aae49
  depends:
  - python
  - libcxx >=19
  - python 3.14.* *_cp314t
  - __osx >=11.0
  - python_abi 3.14.* *_cp314t
  license: BSD-3-Clause
  license_family: BSD
  run_exports: {}
  size: 75593
  timestamp: 1773067161961
- conda: https://conda.anaconda.org/conda-forge/osx-arm64/lcms2-2.19.1-hdfa7624_1.conda
  sha256: ccb5598fad3694e79bf54f0eb812e3b3c3dd63d1497e631f5978800eadb9bcc4
  md5: d2f2c7c10e2957647d45589b7701a453
  depends:
  - __osx >=11.0
  - libjpeg-turbo >=3.1.4.1,<4.0a0
  - libtiff >=4.7.1,<4.8.0a0
  license: MIT
  license_family: MIT
  run_exports:
    weak:
    - lcms2 >=2.19.1,<3.0a0
  size: 213747
  timestamp: 1780212240694
- conda: https://conda.anaconda.org/conda-forge/osx-arm64/lerc-4.2.0-h1eee2c3_0.conda
  sha256: c97aa17d16d2ac332ba9f184e82ce8f72dcb10e9a10c5f299030be2d44e191b9
  md5: e429aec4037d5cb8fd34ded9f5dadd39
  depends:
  - __osx >=11.0
  - libcxx >=19
  license: Apache-2.0
  license_family: Apache
  run_exports:
    weak:
    - lerc >=4.2.0,<5.0a0
  size: 166477
  timestamp: 1785036480092
- conda: https://conda.anaconda.org/conda-forge/osx-arm64/libabseil-20260526.0-cxx17_h2062a1b_1.conda
  sha256: 450026eb01a52acd0ff122e331ec9b8546c93790143214b73e1c14bc2b075b22
  md5: 8adfdc0215e979a0ce31be676883e0b3
  depends:
  - __osx >=11.0
  - libcxx >=19
  constrains:
  - libabseil-static =20260526.0=cxx17*
  - abseil-cpp =20260526.0
  license: Apache-2.0
  license_family: Apache
  run_exports:
    weak:
    - libabseil >=20260526.0,<20260527.0a0
    - libabseil =*=cxx17*
  size: 1273408
  timestamp: 1780524599788
- conda: https://conda.anaconda.org/conda-forge/osx-arm64/libblas-3.11.0-9_h51639a9_openblas.conda
  build_number: 9
  sha256: 0437866fe43b4c911470d3e7ddea18d78390bd7062d9563ce6d38c8ba5798405
  md5: cb1f85be9d88af453fcda3dfba995099
  depends:
  - libopenblas >=0.3.34,<0.3.35.0a0
  - libopenblas >=0.3.34,<1.0a0
  constrains:
  - blas 2.309   openblas
  - libcblas   3.11.0   9*_openblas
  - liblapack  3.11.0   9*_openblas
  - liblapacke 3.11.0   9*_openblas
  - mkl <2027
  license: BSD-3-Clause
  license_family: BSD
  run_exports:
    weak:
    - libblas >=3.11.0,<4.0a0
  size: 18162
  timestamp: 1786058887392
- conda: https://conda.anaconda.org/conda-forge/osx-arm64/libbrotlicommon-1.2.0-hc919400_1.conda
  sha256: a7cb9e660531cf6fbd4148cff608c85738d0b76f0975c5fc3e7d5e92840b7229
  md5: 006e7ddd8a110771134fcc4e1e3a6ffa
  depends:
  - __osx >=11.0
  license: MIT
  license_family: MIT
  run_exports:
    weak:
    - libbrotlicommon >=1.2.0,<1.3.0a0
  size: 79443
  timestamp: 1764017945924
- conda: https://conda.anaconda.org/conda-forge/osx-arm64/libbrotlidec-1.2.0-hc919400_1.conda
  sha256: 2eae444039826db0454b19b52a3390f63bfe24f6b3e63089778dd5a5bf48b6bf
  md5: 079e88933963f3f149054eec2c487bc2
  depends:
  - __osx >=11.0
  - libbrotlicommon 1.2.0 hc919400_1
  license: MIT
  license_family: MIT
  run_exports:
    weak:
    - libbrotlidec >=1.2.0,<1.3.0a0
  size: 29452
  timestamp: 1764017979099
- conda: https://conda.anaconda.org/conda-forge/osx-arm64/libbrotlienc-1.2.0-hc919400_1.conda
  sha256: 01436c32bb41f9cb4bcf07dda647ce4e5deb8307abfc3abdc8da5317db8189d1
  md5: b2b7c8288ca1a2d71ff97a8e6a1e8883
  depends:
  - __osx >=11.0
  - libbrotlicommon 1.2.0 hc919400_1
  license: MIT
  license_family: MIT
  run_exports:
    weak:
    - libbrotlienc >=1.2.0,<1.3.0a0
  size: 290754
  timestamp: 1764018009077
- conda: https://conda.anaconda.org/conda-forge/osx-arm64/libcblas-3.11.0-9_hb0561ab_openblas.conda
  build_number: 9
  sha256: c4c71f20fdb20c86bf6f61c8c31bb349e4055bb4d19928e8580bb5615039cb4b
  md5: a7b6ba94e3ca58bc7d4e1ae4ff95c215
  depends:
  - libblas 3.11.0 9_h51639a9_openblas
  constrains:
  - blas 2.309   openblas
  - liblapack  3.11.0   9*_openblas
  - liblapacke 3.11.0   9*_openblas
  license: BSD-3-Clause
  license_family: BSD
  run_exports:
    weak:
    - libcblas >=3.11.0,<4.0a0
  size: 18110
  timestamp: 1786058893756
- conda: https://conda.anaconda.org/conda-forge/osx-arm64/libcxx-22.1.8-h55c6f16_0.conda
  sha256: a2e7abab5add9750fab064c024394de48e49f97631c605ad5db5c8ac3fc769ef
  md5: 89f76a2a21a3ec3ec983b5eb237c4113
  depends:
  - __osx >=11.0
  license: Apache-2.0 WITH LLVM-exception
  license_family: Apache
  run_exports: {}
  size: 569349
  timestamp: 1781670209146
- conda: https://conda.anaconda.org/conda-forge/osx-arm64/libdeflate-1.25-he7e0567_1.conda
  sha256: d896f4aa4ce4c590c2838678cb1917356fdb461d2a189991c0280c818c362172
  md5: 78650d671cb56909bb3e5c13bce310f9
  depends:
  - __osx >=11.0
  license: MIT
  license_family: MIT
  run_exports:
    weak:
    - libdeflate >=1.25,<1.26.0a0
  size: 55727
  timestamp: 1785909153744
- conda: https://conda.anaconda.org/conda-forge/osx-arm64/libev-4.33-h1a92334_3.conda
  sha256: c0100064506ae8abb432c5a506d474f10af2cf48c33d62bc221fb28b6d6ff6ac
  md5: 19e86c8a6a47e92bb2e70ca12e758c5c
  depends:
  - __osx >=11.0
  license: BSD-2-Clause OR GPL-2.0-or-later
  license_family: GPL
  run_exports:
    weak:
    - libev >=4.33,<4.34.0a0
  size: 39991
  timestamp: 1785917376956
- conda: https://conda.anaconda.org/conda-forge/osx-arm64/libexpat-2.8.1-hf6b4638_1.conda
  sha256: 5af74261101e3c777399c6294b2b5d290e508153268eb2e9ff99c4d69834612f
  md5: a915151d5d3c5bf039f5ccc8402a436f
  depends:
  - __osx >=11.0
  constrains:
  - expat 2.8.1.*
  license: MIT
  license_family: MIT
  run_exports: {}
  size: 69362
  timestamp: 1781203631990
- conda: https://conda.anaconda.org/conda-forge/osx-arm64/libffi-3.7.0-hcf2aa1b_0.conda
  sha256: 2c6ac9a6cd65af89b2bd448518bb1e13b44a2e48c0d469398e37bcfc0092e832
  md5: 92e8690d170d46d768c32553458c0105
  depends:
  - __osx >=11.0
  license: MIT
  license_family: MIT
  run_exports:
    weak:
    - libffi >=3.7.0,<3.8.0a0
  size: 43734
  timestamp: 1783521647536
- conda: https://conda.anaconda.org/conda-forge/osx-arm64/libfreetype-2.14.3-hce30654_1.conda
  sha256: d5637b01941c0fc8f5cbb1f170c238f4ee153b3c1708b9d50f4f1305438ff051
  md5: 0582e67cd14cfed773be2f3b1aba08e0
  depends:
  - libfreetype6 >=2.14.3
  license: GPL-2.0-only OR FTL
  run_exports: {}
  size: 8365
  timestamp: 1780933612390
- conda: https://conda.anaconda.org/conda-forge/osx-arm64/libfreetype6-2.14.3-hdfa99f5_1.conda
  sha256: abbfffd8a8c776bb8b59a10c8247fc3aa6b17ba0051e9f6d199dca38479f214f
  md5: a0bb0678f67c464938d3693fa96f6884
  depends:
  - __osx >=11.0
  - libpng >=1.6.58,<1.7.0a0
  - libzlib >=1.3.2,<2.0a0
  constrains:
  - freetype >=2.14.3
  license: GPL-2.0-only OR FTL
  run_exports: {}
  size: 338442
  timestamp: 1780933611662
- conda: https://conda.anaconda.org/conda-forge/osx-arm64/libgcc-16.1.0-h3cf6597_1.conda
  sha256: fdd1502babb50b802d090496586231f56236d7a6fc042a4e1ac2dee48da8366b
  md5: 0124dc2e6f70f3e8ebea643b42b18abb
  depends:
  - _openmp_mutex
  constrains:
  - libgomp 16.1.0 1
  - libgcc-ng ==16.1.0=*_1
  license: GPL-3.0-only WITH GCC-exception-3.1
  license_family: GPL
  run_exports: {}
  size: 364162
  timestamp: 1785374452947
- conda: https://conda.anaconda.org/conda-forge/osx-arm64/libgfortran-16.1.0-h07b0088_1.conda
  sha256: d7c6dd601dbbde495ab213a76d690b2fec19455d26c595ec0257cfde3e80166b
  md5: d6f10dbb9c5830f540904c91ea5b252a
  depends:
  - libgfortran5 16.1.0 h32cdfcc_1
  constrains:
  - libgfortran-ng ==16.1.0=*_1
  license: GPL-3.0-only WITH GCC-exception-3.1
  license_family: GPL
  run_exports: {}
  size: 98528
  timestamp: 1785374566402
- conda: https://conda.anaconda.org/conda-forge/osx-arm64/libgfortran5-16.1.0-h32cdfcc_1.conda
  sha256: 3e8cb79a421e0c350566717febdba9079574cbbe204591b4fd4b4081ea89cb92
  md5: c1c10ea48f95054aa9b93c2315a0a74a
  depends:
  - libgcc >=16.1.0
  constrains:
  - libgfortran 16.1.0
  license: GPL-3.0-only WITH GCC-exception-3.1
  license_family: GPL
  run_exports: {}
  size: 556657
  timestamp: 1785374459225
- conda: https://conda.anaconda.org/conda-forge/osx-arm64/libglib-2.88.3-ha531971_1.conda
  sha256: c9f7273bbe06d1693ff3a2b6f8b49b74e2ef6cbac2cead7aae767f2f5191b7aa
  md5: 70a6bcf13dc0dd00fe3fe91190d38771
  depends:
  - __osx >=11.0
  - pcre2 >=10.47,<10.48.0a0
  - libffi >=3.7.0,<3.8.0a0
  - libintl >=0.25.1,<1.0a0
  - libiconv >=1.18,<2.0a0
  - libzlib >=1.3.2,<2.0a0
  constrains:
  - glib >2.66
  license: LGPL-2.1-or-later
  run_exports:
    weak:
    - libglib >=2.88.3,<3.0a0
  size: 4447961
  timestamp: 1786457780347
- conda: https://conda.anaconda.org/conda-forge/osx-arm64/libharfbuzz-14.3.0-h5a65909_0.conda
  sha256: 5803da482e914fc5d7ea82b31789471973b03ca58e9caffedd86e175c3aee447
  md5: 19248fa96b4c573e46bfec7fa3c875fa
  depends:
  - __osx >=11.0
  - cairo >=1.18.4,<2.0a0
  - graphite2 >=1.3.15,<2.0a0
  - icu >=78.3,<79.0a0
  - libcxx >=19
  - libfreetype >=2.14.3
  - libfreetype6 >=2.14.3
  - libglib >=2.88.3,<3.0a0
  - libpng >=1.6.58,<1.7.0a0
  - libzlib >=1.3.2,<2.0a0
  license: MIT
  license_family: MIT
  run_exports: {}
  size: 942277
  timestamp: 1785770026085
- conda: https://conda.anaconda.org/conda-forge/osx-arm64/libiconv-1.18-h23cfdf5_2.conda
  sha256: de0336e800b2af9a40bdd694b03870ac4a848161b35c8a2325704f123f185f03
  md5: 4d5a7445f0b25b6a3ddbb56e790f5251
  depends:
  - __osx >=11.0
  license: LGPL-2.1-only
  run_exports:
    weak:
    - libiconv >=1.18,<2.0a0
  size: 750379
  timestamp: 1754909073836
- conda: https://conda.anaconda.org/conda-forge/osx-arm64/libintl-0.25.1-h493aca8_0.conda
  sha256: 99d2cebcd8f84961b86784451b010f5f0a795ed1c08f1e7c76fbb3c22abf021a
  md5: 5103f6a6b210a3912faf8d7db516918c
  depends:
  - __osx >=11.0
  - libiconv >=1.18,<2.0a0
  license: LGPL-2.1-or-later
  run_exports:
    weak:
    - libintl >=0.25.1,<1.0a0
  size: 90957
  timestamp: 1751558394144
- conda: https://conda.anaconda.org/conda-forge/osx-arm64/libjpeg-turbo-3.2.0-h84a0fba_1.conda
  sha256: 05006418f9392c9b723e8428808db106de0350a497832f95f921b85ff1072310
  md5: b2f8c8e5a7651a1d7c05404c3a159517
  depends:
  - __osx >=11.0
  constrains:
  - jpeg <0.0.0a
  license: IJG AND BSD-3-Clause AND Zlib
  run_exports:
    weak:
    - libjpeg-turbo >=3.2.0,<4.0a0
  size: 558459
  timestamp: 1785896382474
- conda: https://conda.anaconda.org/conda-forge/osx-arm64/liblapack-3.11.0-9_hd9741b5_openblas.conda
  build_number: 9
  sha256: db09e8e6a58415da1d866221cf518e53e84c6766a4500faae716cfa204f696ff
  md5: ecc87ca1e25bd94a08c82904eb4e6846
  depends:
  - libblas 3.11.0 9_h51639a9_openblas
  constrains:
  - blas 2.309   openblas
  - libcblas   3.11.0   9*_openblas
  - liblapacke 3.11.0   9*_openblas
  license: BSD-3-Clause
  license_family: BSD
  run_exports:
    weak:
    - liblapack >=3.11.0,<3.12.0a0
  size: 18144
  timestamp: 1786058899889
- conda: https://conda.anaconda.org/conda-forge/osx-arm64/liblzma-5.8.3-h8088a28_1.conda
  sha256: 23d0630046a3e8b164d8f80f2b74ed2605af2e7050ab9913018056402fae4311
  md5: 8ab10323068b107661a4b9a4af84f3b5
  depends:
  - __osx >=11.0
  constrains:
  - xz 5.8.3.*
  license: 0BSD
  run_exports:
    weak:
    - liblzma >=5.8.3,<6.0a0
  size: 91720
  timestamp: 1786348695846
- conda: https://conda.anaconda.org/conda-forge/osx-arm64/libmpdec-4.0.0-h84a0fba_1.conda
  sha256: 1089c7f15d5b62c622625ec6700732ece83be8b705da8c6607f4dabb0c4bd6d2
  md5: 57c4be259f5e0b99a5983799a228ae55
  depends:
  - __osx >=11.0
  license: BSD-2-Clause
  license_family: BSD
  run_exports: {}
  size: 73690
  timestamp: 1769482560514
- conda: https://conda.anaconda.org/conda-forge/osx-arm64/libnghttp2-1.68.1-h8f3e76b_0.conda
  sha256: 2bc7bc3978066f2c274ebcbf711850cc9ab92e023e433b9631958a098d11e10a
  md5: 6ea18834adbc3b33df9bd9fb45eaf95b
  depends:
  - __osx >=11.0
  - c-ares >=1.34.6,<2.0a0
  - libcxx >=19
  - libev >=4.33,<4.34.0a0
  - libev >=4.33,<5.0a0
  - libzlib >=1.3.1,<2.0a0
  - openssl >=3.5.5,<4.0a0
  license: MIT
  license_family: MIT
  run_exports:
    weak:
    - libnghttp2 >=1.68.1,<2.0a0
  size: 576526
  timestamp: 1773854624224
- conda: https://conda.anaconda.org/conda-forge/osx-arm64/libopenblas-0.3.34-openmp_he657e61_0.conda
  sha256: bcf1967f12f1b1cc769dcc77b255fb1b27aaceb2f185450e9596d137bc6ede76
  md5: 89d28fb841cf16211318524fa985e384
  depends:
  - __osx >=11.0
  - libgfortran
  - libgfortran5 >=14.3.0
  - llvm-openmp >=19.1.7
  constrains:
  - openblas >=0.3.34,<0.3.35.0a0
  license: BSD-3-Clause
  license_family: BSD
  run_exports:
    weak:
    - libopenblas >=0.3.34,<1.0a0
  size: 4318474
  timestamp: 1784288246205
- conda: https://conda.anaconda.org/conda-forge/osx-arm64/libpng-1.6.58-h132b30e_0.conda
  sha256: 66eae34546df1f098a67064970c92aa14ae7a7505091889e00468294d2882c36
  md5: 2259ae0949dbe20c0665850365109b27
  depends:
  - __osx >=11.0
  - libzlib >=1.3.2,<2.0a0
  license: zlib-acknowledgement
  run_exports:
    weak:
    - libpng >=1.6.58,<1.7.0a0
  size: 289546
  timestamp: 1776315246750
- conda: https://conda.anaconda.org/conda-forge/osx-arm64/libraqm-0.11.0-h45af499_0.conda
  sha256: b110f7f9b2cec61ea793c521950414e00cd64826e18aeb4ab40369acf05c0039
  md5: 46ea0eb4e71bffa35ab7070678bcb053
  depends:
  - __osx >=11.0
  - libfreetype >=2.14.3
  - libfreetype6 >=2.14.3
  - libharfbuzz >=14.2.1
  - fribidi >=1.0.16,<2.0a0
  license: MIT
  license_family: MIT
  run_exports:
    weak:
    - libraqm >=0.11.0,<0.12.0a0
  size: 31333
  timestamp: 1784850348342
- conda: https://conda.anaconda.org/conda-forge/osx-arm64/libsqlite-3.53.4-h1ae2325_0.conda
  sha256: 745662565e103f290e9dc4263bbd88285082f8cf699854fe2d5f1e35a4a0d326
  md5: 0e3477c0c3e718dcf2eb74ccc8f68570
  depends:
  - __osx >=11.0
  - icu >=78.3,<79.0a0
  - libzlib >=1.3.2,<2.0a0
  license: blessing
  run_exports:
    weak:
    - libsqlite >=3.53.4,<4.0a0
  size: 929203
  timestamp: 1785016131414
- conda: https://conda.anaconda.org/conda-forge/osx-arm64/libtiff-4.7.2-h282da08_0.conda
  sha256: 253153cabf9469170e02b21a6bc9aa598048e7c34966b1103af52d27d2a708a4
  md5: 6fa87106b3c041ad6d965a9411e79b94
  depends:
  - __osx >=11.0
  - lerc >=4.1.0,<5.0a0
  - libcxx >=19
  - libdeflate >=1.25,<1.26.0a0
  - libjpeg-turbo >=3.1.4.1,<4.0a0
  - liblzma >=5.8.3,<6.0a0
  - libwebp-base >=1.6.0,<2.0a0
  - libzlib >=1.3.2,<2.0a0
  - zstd >=1.5.7,<1.6.0a0
  license: HPND
  run_exports:
    weak:
    - libtiff >=4.7.2,<4.8.0a0
  size: 387825
  timestamp: 1783085754081
- conda: https://conda.anaconda.org/conda-forge/osx-arm64/libuv-1.52.1-h1a92334_1.conda
  sha256: 4f47de9de1990efd998edbbd6793f89c8f02ffde987ae8120b1c006acefd2a04
  md5: de09bd0f175611e94f21b28f8c708e80
  depends:
  - __osx >=11.0
  license: MIT
  license_family: MIT
  run_exports:
    weak:
    - libuv >=1.52.1,<2.0a0
  size: 122729
  timestamp: 1785914645797
- conda: https://conda.anaconda.org/conda-forge/osx-arm64/libwebp-base-1.6.0-h202fb40_1.conda
  sha256: 0ff54650d470c7e54cbeffdd53a8c063e055a7bcf784388c0385ce5c4741b0f4
  md5: 168a13e329259710b28277abc1395b8e
  depends:
  - __osx >=11.0
  constrains:
  - libwebp 1.6.0
  license: BSD-3-Clause
  license_family: BSD
  run_exports:
    weak:
    - libwebp-base >=1.6.0,<2.0a0
  size: 294522
  timestamp: 1785955350410
- conda: https://conda.anaconda.org/conda-forge/osx-arm64/libxcb-1.17.0-hdb1d25a_0.conda
  sha256: bd3816218924b1e43b275863e21a3e13a5db4a6da74cca8e60bc3c213eb62f71
  md5: af523aae2eca6dfa1c8eec693f5b9a79
  depends:
  - __osx >=11.0
  - pthread-stubs
  - xorg-libxau >=1.0.11,<2.0a0
  - xorg-libxdmcp
  license: MIT
  license_family: MIT
  run_exports:
    weak:
    - libxcb >=1.17.0,<2.0a0
  size: 323658
  timestamp: 1727278733917
- conda: https://conda.anaconda.org/conda-forge/osx-arm64/libzlib-1.3.2-h8088a28_3.conda
  sha256: a18fa5d5bac452401459f966cf0d872224e8080c4ff93c77e168d43ab42ef9d7
  md5: f39288f0ea63ae962e1a2e4f355a0d75
  depends:
  - __osx >=11.0
  constrains:
  - zlib 1.3.2 *_3
  license: Zlib
  license_family: Other
  run_exports:
    weak:
    - libzlib >=1.3.2,<2.0a0
  size: 47822
  timestamp: 1785277049190
- conda: https://conda.anaconda.org/conda-forge/osx-arm64/llvm-openmp-22.1.8-hc7d1edf_0.conda
  sha256: ccbaad6bbc88f135ab849bc36af5fa6eda36a9ed18ce6f58e3dde3d11784c156
  md5: a9c118f6343fb6301b6f3b4e94c4c562
  depends:
  - __osx >=11.0
  constrains:
  - intel-openmp <0.0a0
  - openmp 22.1.8|22.1.8.*
  license: Apache-2.0 WITH LLVM-exception
  license_family: APACHE
  run_exports:
    strong:
    - llvm-openmp >=22.1.8
  size: 286313
  timestamp: 1781736516782
- conda: https://conda.anaconda.org/conda-forge/osx-arm64/matplotlib-3.11.1-py314head8a8b_2.conda
  sha256: 9f7038ac1a50d22f61fab49e6d07463e0694992c4b91b7996781322d8e7ba606
  md5: 40d6f0165f38286440566e7bf90c9c3e
  depends:
  - matplotlib-base >=3.11.1,<3.11.2.0a0
  - python >=3.14,<3.15.0a0
  - python_abi 3.14.* *_cp314t
  - tornado >=5
  license: PSF-2.0
  license_family: PSF
  run_exports: {}
  size: 14891
  timestamp: 1785211141315
- conda: https://conda.anaconda.org/conda-forge/osx-arm64/matplotlib-base-3.11.1-py314h261bcf1_2.conda
  sha256: 346fb49aaf0d6c7ac5ea022e374763cb6981a6dff3c8c9f7860b192aa11ec53c
  md5: 2942327290e494c7660ab9ffa8fee44d
  depends:
  - __osx >=11.0
  - contourpy >=1.0.1
  - cycler >=0.10
  - fonttools >=4.28.2
  - freetype
  - kiwisolver >=1.3.1
  - libcxx >=19
  - libfreetype >=2.14.3
  - libfreetype6 >=2.14.3
  - libraqm >=0.11.0,<0.12.0a0
  - numpy >=1.25
  - numpy >=1.25,<3
  - packaging >=20.0
  - pillow >=9
  - pyparsing >=3
  - python >=3.14,<3.15.0a0
  - python-dateutil >=2.7
  - python_abi 3.14.* *_cp314t
  - qhull >=2020.2,<2020.3.0a0
  license: PSF-2.0
  license_family: PSF
  run_exports: {}
  size: 8729941
  timestamp: 1785211114950
- conda: https://conda.anaconda.org/conda-forge/osx-arm64/mpc-1.4.0-h169892a_0.conda
  sha256: a9774664adea222e4165efddcd902641c03c7d08fda3a83a5b0885e675ead309
  md5: 2845c3a1d0d8da1db92aba8323892475
  depends:
  - __osx >=11.0
  - gmp >=6.3.0,<7.0a0
  - mpfr >=4.2.2,<5.0a0
  license: LGPL-3.0-or-later
  license_family: LGPL
  run_exports:
    weak:
    - mpc >=1.4.0,<2.0a0
  size: 86181
  timestamp: 1774472395307
- conda: https://conda.anaconda.org/conda-forge/osx-arm64/mpfr-4.2.2-h6bc93b0_0.conda
  sha256: af5eca85f7ffdd403275e916f1de40a7d4b48ae138f12479523d9500c6a073ba
  md5: a47a14da2103c9c7a390f7c8bc8d7f9b
  depends:
  - __osx >=11.0
  - gmp >=6.3.0,<7.0a0
  license: LGPL-3.0-only
  license_family: LGPL
  run_exports:
    weak:
    - mpfr >=4.2.2,<5.0a0
  size: 348767
  timestamp: 1773414111071
- conda: https://conda.anaconda.org/conda-forge/osx-arm64/ncurses-6.6-he64c551_1.conda
  sha256: 7024a48c8c0d0114ed4ab53c76bf9275d50e91ba7cea367a9aead638d3c29c68
  md5: 3dfa0d0316dc246cd44937a557de4501
  depends:
  - __osx >=11.0
  license: X11 AND BSD-3-Clause
  run_exports:
    weak:
    - ncurses >=6.6,<7.0a0
  size: 804298
  timestamp: 1786355189145
- conda: https://conda.anaconda.org/conda-forge/osx-arm64/nodejs-26.6.0-h00e74ec_0.conda
  sha256: 379ba26eb11cccb4d9a10989d9afef3f8bc4c9039cbe371dec3e3ee24594597b
  md5: f0ba635c2293dff6fb86fc2150c8c110
  depends:
  - libcxx >=19
  - __osx >=12.0
  - libnghttp2 >=1.68.1,<2.0a0
  - libzlib >=1.3.2,<2.0a0
  - libbrotlicommon >=1.2.0,<1.3.0a0
  - libbrotlienc >=1.2.0,<1.3.0a0
  - libbrotlidec >=1.2.0,<1.3.0a0
  - libuv >=1.52.1,<2.0a0
  - icu >=78.3,<79.0a0
  - openssl >=3.5.7,<4.0a0
  - libabseil >=20260526.0,<20260527.0a0
  - libabseil * cxx17*
  - zstd >=1.5.7,<1.6.0a0
  - c-ares >=1.34.8,<2.0a0
  - libsqlite >=3.53.4,<4.0a0
  license: MIT
  license_family: MIT
  run_exports:
    weak:
    - nodejs >=26.6.0,<27.0a0
  size: 18228083
  timestamp: 1785852758781
- conda: https://conda.anaconda.org/conda-forge/osx-arm64/numpy-2.5.2-py314hb25f971_0.conda
  sha256: caf2a3996cec1f93e1d132b6cf85c5d6ff5c874517aba0769ee6bf4c58364322
  md5: ef5c7e604cbced772944d80daddac6ce
  depends:
  - python
  - libcxx >=19
  - __osx >=11.0
  - libcblas >=3.9.0,<4.0a0
  - libblas >=3.9.0,<4.0a0
  - python_abi 3.14.* *_cp314t
  - liblapack >=3.9.0,<4.0a0
  constrains:
  - numpy-base <0a0
  license: BSD-3-Clause
  license_family: BSD
  run_exports:
    weak:
    - numpy >=1.25,<3
  size: 7225990
  timestamp: 1786330642956
- conda: https://conda.anaconda.org/conda-forge/osx-arm64/openjpeg-2.5.4-hd9e9057_0.conda
  sha256: 60aca8b9f94d06b852b296c276b3cf0efba5a6eb9f25feb8708570d3a74f00e4
  md5: 4b5d3a91320976eec71678fad1e3569b
  depends:
  - __osx >=11.0
  - libcxx >=19
  - libpng >=1.6.55,<1.7.0a0
  - libtiff >=4.7.1,<4.8.0a0
  - libzlib >=1.3.1,<2.0a0
  license: BSD-2-Clause
  license_family: BSD
  run_exports:
    weak:
    - openjpeg >=2.5.4,<3.0a0
  size: 319697
  timestamp: 1772625397692
- conda: https://conda.anaconda.org/conda-forge/osx-arm64/openssl-3.6.3-hd24854e_1.conda
  sha256: 66be2283b5b37dcda1332b5e74c1782a8cb14fd2e62e0d38017c2d35bf73c119
  md5: 65d1906712b85d1679263c518d011b5b
  depends:
  - __osx >=11.0
  - ca-certificates
  license: Apache-2.0
  license_family: Apache
  run_exports:
    weak:
    - openssl >=3.6.3,<4.0a0
  size: 3109132
  timestamp: 1785913735357
- conda: https://conda.anaconda.org/conda-forge/osx-arm64/pcre2-10.47-h30297fc_0.conda
  sha256: 5e2e443f796f2fd92adf7978286a525fb768c34e12b1ee9ded4000a41b2894ba
  md5: 9b4190c4055435ca3502070186eba53a
  depends:
  - __osx >=11.0
  - bzip2 >=1.0.8,<2.0a0
  - libzlib >=1.3.1,<2.0a0
  license: BSD-3-Clause
  license_family: BSD
  run_exports:
    weak:
    - pcre2 >=10.47,<10.48.0a0
  size: 850231
  timestamp: 1763655726735
- conda: https://conda.anaconda.org/conda-forge/osx-arm64/pillow-12.3.0-py314h0f2039c_0.conda
  sha256: 119b33e44305b758125bf9fe1f785f92ff98a326aa2bd131a7ee98471e52ebc0
  md5: 17b85a3e50d6b7b068149c8c7c042711
  depends:
  - python
  - __osx >=11.0
  - python 3.14.* *_cp314t
  - libtiff >=4.7.1,<4.8.0a0
  - python_abi 3.14.* *_cp314t
  - zlib-ng >=2.3.3,<2.4.0a0
  - openjpeg >=2.5.4,<3.0a0
  - libxcb >=1.17.0,<2.0a0
  - lcms2 >=2.19.1,<3.0a0
  - libjpeg-turbo >=3.1.4.1,<4.0a0
  - libwebp-base >=1.6.0,<2.0a0
  - libfreetype >=2.14.3
  - libfreetype6 >=2.14.3
  - tk >=8.6.13,<8.7.0a0
  license: HPND
  run_exports: {}
  size: 1022864
  timestamp: 1782912213683
- conda: https://conda.anaconda.org/conda-forge/osx-arm64/pixman-0.46.4-h784d473_3.conda
  sha256: 4779cd57231ce2e96fac643fcbdd4a6f51a57986264545445574e9c4acf526d3
  md5: 9a99c0b60efe41c194d01c182d000733
  depends:
  - __osx >=11.0
  - libcxx >=19
  license: MIT
  license_family: MIT
  run_exports:
    weak:
    - pixman >=0.46.4,<1.0a0
  size: 198717
  timestamp: 1786106922508
- conda: https://conda.anaconda.org/conda-forge/osx-arm64/pthread-stubs-0.4-h84a0fba_1003.conda
  sha256: 1c2338b9b0486af86883b9593d2f3e2845bbf216ea453dfe5d9a228e8dbe4057
  md5: d4852e6054b74645cf49ca10f6349191
  depends:
  - __osx >=11.0
  license: MIT
  license_family: MIT
  run_exports: {}
  size: 9238
  timestamp: 1786068031100
- conda: https://conda.anaconda.org/conda-forge/osx-arm64/python-3.14.6-h8f7c60a_2_cp314t.conda
  build_number: 2
  sha256: 3dd5105661dfade6f573ef342e87af386aa5aae6b9c22e0cf064e4387915b945
  md5: 2641d3bdeb146818430b583b648c869f
  depends:
  - __osx >=11.0
  - bzip2 >=1.0.8,<2.0a0
  - libexpat >=2.8.1,<3.0a0
  - libffi >=3.7.0,<3.8.0a0
  - liblzma >=5.8.3,<6.0a0
  - libmpdec >=4.0.0,<5.0a0
  - libsqlite >=3.53.4,<4.0a0
  - libzlib >=1.3.2,<2.0a0
  - ncurses >=6.6,<7.0a0
  - openssl >=3.5.7,<4.0a0
  - python_abi 3.14.* *_cp314t
  - readline >=8.3,<9.0a0
  - tk >=8.6.13,<8.7.0a0
  - tzdata
  - zstd >=1.5.7,<1.6.0a0
  track_features:
  - py_freethreading
  license: Python-2.0
  run_exports:
    weak:
    - python_abi 3.14.* *_cp314t
    noarch:
    - python
  size: 16302871
  timestamp: 1786444620891
  python_site_packages_path: lib/python3.14t/site-packages
- conda: https://conda.anaconda.org/conda-forge/osx-arm64/qhull-2020.2-h420ef59_5.conda
  sha256: 873ac689484262a51fd79bc6103c1a1bedbf524924d7f0088fb80703042805e4
  md5: 6483b1f59526e05d7d894e466b5b6924
  depends:
  - __osx >=11.0
  - libcxx >=16
  license: LicenseRef-Qhull
  run_exports:
    weak:
    - qhull >=2020.2,<2020.3.0a0
  size: 516376
  timestamp: 1720814307311
- conda: https://conda.anaconda.org/conda-forge/osx-arm64/readline-8.3-h46df422_0.conda
  sha256: a77010528efb4b548ac2a4484eaf7e1c3907f2aec86123ed9c5212ae44502477
  md5: f8381319127120ce51e081dce4865cf4
  depends:
  - __osx >=11.0
  - ncurses >=6.5,<7.0a0
  license: GPL-3.0-only
  license_family: GPL
  run_exports:
    weak:
    - readline >=8.3,<9.0a0
  size: 313930
  timestamp: 1765813902568
- conda: https://conda.anaconda.org/conda-forge/osx-arm64/tk-8.6.13-hd3d0363_3.conda
  sha256: 47186bc7ab8d7e8bee86bbd1a917196f8c21cf63f081fc33cd6d1221af087580
  md5: 8e3cf0e455e6b54519f0b1c72c61780a
  depends:
  - __osx >=11.0
  - libzlib >=1.3.2,<2.0a0
  license: TCL
  run_exports:
    weak:
    - tk >=8.6.13,<8.7.0a0
  size: 3338712
  timestamp: 1784229090530
- conda: https://conda.anaconda.org/conda-forge/osx-arm64/tornado-6.5.8-py314ha0ac461_0.conda
  sha256: 6849743ba565f7b793d43307b901024f8ddc932c0a934c72109c968d6526c27d
  md5: a2b855451b61049bae59cc4c5e288cf3
  depends:
  - __osx >=11.0
  - python >=3.14,<3.15.0a0
  - python >=3.14,<3.15.0a0 *_cp314t
  - python_abi 3.14.* *_cp314t
  license: Apache-2.0
  license_family: Apache
  run_exports: {}
  size: 921520
  timestamp: 1786227255123
- conda: https://conda.anaconda.org/conda-forge/osx-arm64/unicodedata2-17.0.1-py314ha0ac461_0.conda
  sha256: f8b01a95d41559cac5f21a24c9086dd3132dc0be7a78a5d1f0dca96e07cefc2a
  md5: 873392a37418165c91a858ca893af05d
  depends:
  - __osx >=11.0
  - python >=3.14,<3.15.0a0
  - python >=3.14,<3.15.0a0 *_cp314t
  - python_abi 3.14.* *_cp314t
  license: Apache-2.0
  license_family: Apache
  run_exports: {}
  size: 414331
  timestamp: 1770909642021
- conda: https://conda.anaconda.org/conda-forge/osx-arm64/xorg-libxau-1.0.12-h84a0fba_2.conda
  sha256: 5c5ea38ceec008e4ff40111fc166b04086fca310b0aa9e5bd46f65e6b0dcb71d
  md5: 31d71ce1b056f69b6ec67ee0712bdf97
  depends:
  - __osx >=11.0
  license: MIT
  license_family: MIT
  run_exports:
    weak:
    - xorg-libxau >=1.0.12,<2.0a0
  size: 15124
  timestamp: 1786381585975
- conda: https://conda.anaconda.org/conda-forge/osx-arm64/xorg-libxdmcp-1.1.5-h84a0fba_2.conda
  sha256: 2f6915f0897ace4a1b5d66d0463079f7bc9819b0048c03677e47764f0a743499
  md5: f51e9414bf1b7bb556aac1a0b74a75fe
  depends:
  - __osx >=11.0
  license: MIT
  license_family: MIT
  run_exports:
    weak:
    - xorg-libxdmcp >=1.1.5,<2.0a0
  size: 19486
  timestamp: 1786381546642
- conda: https://conda.anaconda.org/conda-forge/osx-arm64/zlib-ng-2.3.3-hed4e4f5_1.conda
  sha256: a339606a6b224bb230ff3d711e801934f3b3844271df9720165e0353716580d4
  md5: d99c2a23a31b0172e90f456f580b695e
  depends:
  - __osx >=11.0
  - libcxx >=19
  license: Zlib
  license_family: Other
  run_exports:
    weak:
    - zlib-ng >=2.3.3,<2.4.0a0
  size: 94375
  timestamp: 1770168363685
- conda: https://conda.anaconda.org/conda-forge/osx-arm64/zstd-1.5.7-hbf9d68e_6.conda
  sha256: 9485ba49e8f47d2b597dd399e88f4802e100851b27c21d7525625b0b4025a5d9
  md5: ab136e4c34e97f34fb621d2592a393d8
  depends:
  - __osx >=11.0
  - libzlib >=1.3.1,<2.0a0
  license: BSD-3-Clause
  license_family: BSD
  run_exports:
    weak:
    - zstd >=1.5.7,<1.6.0a0
  size: 433413
  timestamp: 1764777166076
